
Microsoft Visual Studio Solution File, Format Version 12.00
# Visual Studio Version 16
VisualStudioVersion = 16.0.30104.148
MinimumVisualStudioVersion = 10.0.40219.1
Project("{8BC9CEB8-8B4A-11D0-8D11-00A0C91BC942}") = "21", "21\21.vcxproj", "{833B351A-E6CA-438B-9564-E019C67C8F36}"
EndProject
Global
	GlobalSection(SolutionConfigurationPlatforms) = preSolution
		Debug|x64 = Debug|x64
		Debug|x86 = Debug|x86
		Release|x64 = Release|x64
		Release|x86 = Release|x86
	EndGlobalSection
	GlobalSection(ProjectConfigurationPlatforms) = postSolution
		{833B351A-E6CA-438B-9564-E019C67C8F36}.Debug|x64.ActiveCfg = Debug|x64
		{833B351A-E6CA-438B-9564-E019C67C8F36}.Debug|x64.Build.0 = Debug|x64
		{833B351A-E6CA-438B-9564-E019C67C8F36}.Debug|x86.ActiveCfg = Debug|Win32
		{833B351A-E6CA-438B-9564-E019C67C8F36}.Debug|x86.Build.0 = Debug|Win32
		{833B351A-E6CA-438B-9564-E019C67C8F36}.Release|x64.ActiveCfg = Release|x64
		{833B351A-E6CA-438B-9564-E019C67C8F36}.Release|x64.Build.0 = Release|x64
		{833B351A-E6CA-438B-9564-E019C67C8F36}.Release|x86.ActiveCfg = Release|Win32
		{833B351A-E6CA-438B-9564-E019C67C8F36}.Release|x86.Build.0 = Release|Win32
	EndGlobalSection
	GlobalSection(SolutionProperties) = preSolution
		HideSolutionNode = FALSE
	EndGlobalSection
	GlobalSection(ExtensibilityGlobals) = postSolution
		SolutionGuid = {4BC87F56-093D-48B3-B0C3-2C1DEF1CF824}
	EndGlobalSection
EndGlobal
