
Microsoft Visual Studio Solution File, Format Version 12.00
# Visual Studio Version 16
VisualStudioVersion = 16.0.30104.148
MinimumVisualStudioVersion = 10.0.40219.1
Project("{8BC9CEB8-8B4A-11D0-8D11-00A0C91BC942}") = "29_210323", "29_210323\29_210323.vcxproj", "{55180FA7-3C14-479E-B817-FAEA9EF92FCB}"
EndProject
Global
	GlobalSection(SolutionConfigurationPlatforms) = preSolution
		Debug|x64 = Debug|x64
		Debug|x86 = Debug|x86
		Release|x64 = Release|x64
		Release|x86 = Release|x86
	EndGlobalSection
	GlobalSection(ProjectConfigurationPlatforms) = postSolution
		{55180FA7-3C14-479E-B817-FAEA9EF92FCB}.Debug|x64.ActiveCfg = Debug|x64
		{55180FA7-3C14-479E-B817-FAEA9EF92FCB}.Debug|x64.Build.0 = Debug|x64
		{55180FA7-3C14-479E-B817-FAEA9EF92FCB}.Debug|x86.ActiveCfg = Debug|Win32
		{55180FA7-3C14-479E-B817-FAEA9EF92FCB}.Debug|x86.Build.0 = Debug|Win32
		{55180FA7-3C14-479E-B817-FAEA9EF92FCB}.Release|x64.ActiveCfg = Release|x64
		{55180FA7-3C14-479E-B817-FAEA9EF92FCB}.Release|x64.Build.0 = Release|x64
		{55180FA7-3C14-479E-B817-FAEA9EF92FCB}.Release|x86.ActiveCfg = Release|Win32
		{55180FA7-3C14-479E-B817-FAEA9EF92FCB}.Release|x86.Build.0 = Release|Win32
	EndGlobalSection
	GlobalSection(SolutionProperties) = preSolution
		HideSolutionNode = FALSE
	EndGlobalSection
	GlobalSection(ExtensibilityGlobals) = postSolution
		SolutionGuid = {EF118426-84CF-4886-B45D-A01C194D54F2}
	EndGlobalSection
EndGlobal
