
Microsoft Visual Studio Solution File, Format Version 12.00
# Visual Studio Version 16
VisualStudioVersion = 16.0.30104.148
MinimumVisualStudioVersion = 10.0.40219.1
Project("{8BC9CEB8-8B4A-11D0-8D11-00A0C91BC942}") = "UsingDcl2", "UsingDcl2\UsingDcl2.vcxproj", "{B706C77B-7A9B-4ED4-8F7A-7D4049F59166}"
EndProject
Global
	GlobalSection(SolutionConfigurationPlatforms) = preSolution
		Debug|x64 = Debug|x64
		Debug|x86 = Debug|x86
		Release|x64 = Release|x64
		Release|x86 = Release|x86
	EndGlobalSection
	GlobalSection(ProjectConfigurationPlatforms) = postSolution
		{B706C77B-7A9B-4ED4-8F7A-7D4049F59166}.Debug|x64.ActiveCfg = Debug|x64
		{B706C77B-7A9B-4ED4-8F7A-7D4049F59166}.Debug|x64.Build.0 = Debug|x64
		{B706C77B-7A9B-4ED4-8F7A-7D4049F59166}.Debug|x86.ActiveCfg = Debug|Win32
		{B706C77B-7A9B-4ED4-8F7A-7D4049F59166}.Debug|x86.Build.0 = Debug|Win32
		{B706C77B-7A9B-4ED4-8F7A-7D4049F59166}.Release|x64.ActiveCfg = Release|x64
		{B706C77B-7A9B-4ED4-8F7A-7D4049F59166}.Release|x64.Build.0 = Release|x64
		{B706C77B-7A9B-4ED4-8F7A-7D4049F59166}.Release|x86.ActiveCfg = Release|Win32
		{B706C77B-7A9B-4ED4-8F7A-7D4049F59166}.Release|x86.Build.0 = Release|Win32
	EndGlobalSection
	GlobalSection(SolutionProperties) = preSolution
		HideSolutionNode = FALSE
	EndGlobalSection
	GlobalSection(ExtensibilityGlobals) = postSolution
		SolutionGuid = {A8CC2922-B998-4353-9DEE-D2338884B688}
	EndGlobalSection
EndGlobal
