
Microsoft Visual Studio Solution File, Format Version 12.00
# Visual Studio Version 16
VisualStudioVersion = 16.0.30104.148
MinimumVisualStudioVersion = 10.0.40219.1
Project("{8BC9CEB8-8B4A-11D0-8D11-00A0C91BC942}") = "FunctionOverloading", "FunctionOverloading\FunctionOverloading.vcxproj", "{489314F6-43E5-42AC-B3E0-B7E245872857}"
EndProject
Global
	GlobalSection(SolutionConfigurationPlatforms) = preSolution
		Debug|x64 = Debug|x64
		Debug|x86 = Debug|x86
		Release|x64 = Release|x64
		Release|x86 = Release|x86
	EndGlobalSection
	GlobalSection(ProjectConfigurationPlatforms) = postSolution
		{489314F6-43E5-42AC-B3E0-B7E245872857}.Debug|x64.ActiveCfg = Debug|x64
		{489314F6-43E5-42AC-B3E0-B7E245872857}.Debug|x64.Build.0 = Debug|x64
		{489314F6-43E5-42AC-B3E0-B7E245872857}.Debug|x86.ActiveCfg = Debug|Win32
		{489314F6-43E5-42AC-B3E0-B7E245872857}.Debug|x86.Build.0 = Debug|Win32
		{489314F6-43E5-42AC-B3E0-B7E245872857}.Release|x64.ActiveCfg = Release|x64
		{489314F6-43E5-42AC-B3E0-B7E245872857}.Release|x64.Build.0 = Release|x64
		{489314F6-43E5-42AC-B3E0-B7E245872857}.Release|x86.ActiveCfg = Release|Win32
		{489314F6-43E5-42AC-B3E0-B7E245872857}.Release|x86.Build.0 = Release|Win32
	EndGlobalSection
	GlobalSection(SolutionProperties) = preSolution
		HideSolutionNode = FALSE
	EndGlobalSection
	GlobalSection(ExtensibilityGlobals) = postSolution
		SolutionGuid = {644898C6-D309-471C-81EB-5C75A3D044B6}
	EndGlobalSection
EndGlobal
