
Microsoft Visual Studio Solution File, Format Version 12.00
# Visual Studio Version 16
VisualStudioVersion = 16.0.30104.148
MinimumVisualStudioVersion = 10.0.40219.1
Project("{8BC9CEB8-8B4A-11D0-8D11-00A0C91BC942}") = "21_06_19", "21_06_19\21_06_19.vcxproj", "{DCE2E54A-91A8-4D68-ADA4-CBFACBCAD11D}"
EndProject
Global
	GlobalSection(SolutionConfigurationPlatforms) = preSolution
		Debug|x64 = Debug|x64
		Debug|x86 = Debug|x86
		Release|x64 = Release|x64
		Release|x86 = Release|x86
	EndGlobalSection
	GlobalSection(ProjectConfigurationPlatforms) = postSolution
		{DCE2E54A-91A8-4D68-ADA4-CBFACBCAD11D}.Debug|x64.ActiveCfg = Debug|x64
		{DCE2E54A-91A8-4D68-ADA4-CBFACBCAD11D}.Debug|x64.Build.0 = Debug|x64
		{DCE2E54A-91A8-4D68-ADA4-CBFACBCAD11D}.Debug|x86.ActiveCfg = Debug|Win32
		{DCE2E54A-91A8-4D68-ADA4-CBFACBCAD11D}.Debug|x86.Build.0 = Debug|Win32
		{DCE2E54A-91A8-4D68-ADA4-CBFACBCAD11D}.Release|x64.ActiveCfg = Release|x64
		{DCE2E54A-91A8-4D68-ADA4-CBFACBCAD11D}.Release|x64.Build.0 = Release|x64
		{DCE2E54A-91A8-4D68-ADA4-CBFACBCAD11D}.Release|x86.ActiveCfg = Release|Win32
		{DCE2E54A-91A8-4D68-ADA4-CBFACBCAD11D}.Release|x86.Build.0 = Release|Win32
	EndGlobalSection
	GlobalSection(SolutionProperties) = preSolution
		HideSolutionNode = FALSE
	EndGlobalSection
	GlobalSection(ExtensibilityGlobals) = postSolution
		SolutionGuid = {ACC0B6C0-49B2-4037-BCD5-3C4A8CA0E5C4}
	EndGlobalSection
EndGlobal
